// !$*UTF8*$!
{
	archiveVersion = 1;
	classes = {
	};
	objectVersion = 45;
	objects = {

/* Begin PBXBuildFile section */
		5805EE750FED6C4900F7FAEA /* Sparkle.framework in Frameworks */ = {isa = PBXBuildFile; fileRef = 5805EE740FED6C4900F7FAEA /* Sparkle.framework */; };
		5805EE870FED6C6900F7FAEA /* Sparkle.framework in フレームワークをコピー */ = {isa = PBXBuildFile; fileRef = 5805EE740FED6C4900F7FAEA /* Sparkle.framework */; };
		5805EEA80FED6EAB00F7FAEA /* dsa_pub.pem in Resources */ = {isa = PBXBuildFile; fileRef = 5805EEA70FED6EAB00F7FAEA /* dsa_pub.pem */; };
		5805EF4C0FEE158800F7FAEA /* SUUpdateAlert+TumblKitAdditions.m in Sources */ = {isa = PBXBuildFile; fileRef = 5805EF4B0FEE158800F7FAEA /* SUUpdateAlert+TumblKitAdditions.m */; };
		5833293A109C3A5500005271 /* ActorKit.framework in Frameworks */ = {isa = PBXBuildFile; fileRef = 58332939109C3A5500005271 /* ActorKit.framework */; };
		5833294E109C3C7500005271 /* TKTumblrWebService.m in Sources */ = {isa = PBXBuildFile; fileRef = 5833294D109C3C7500005271 /* TKTumblrWebService.m */; };
		58332953109C405C00005271 /* TKDOMMaker.m in Sources */ = {isa = PBXBuildFile; fileRef = 58332952109C405C00005271 /* TKDOMMaker.m */; };
		584FBB091094CE6300007E1B /* TKNicoVideoExtractor.m in Sources */ = {isa = PBXBuildFile; fileRef = 584FBB081094CE6300007E1B /* TKNicoVideoExtractor.m */; };
		5850C36B0FE2C3F40083E931 /* TKWebService.m in Sources */ = {isa = PBXBuildFile; fileRef = 5850C36A0FE2C3F40083E931 /* TKWebService.m */; };
		5850C66C0FE402320083E931 /* NSDictionary+TumblKitAdditions.m in Sources */ = {isa = PBXBuildFile; fileRef = 5850C66B0FE402320083E931 /* NSDictionary+TumblKitAdditions.m */; };
		5850C75E0FE63B500083E931 /* TKEditPanel.xib in Resources */ = {isa = PBXBuildFile; fileRef = 5850C75D0FE63B500083E931 /* TKEditPanel.xib */; };
		5850C7610FE63B650083E931 /* TKEditPanelController.m in Sources */ = {isa = PBXBuildFile; fileRef = 5850C7600FE63B650083E931 /* TKEditPanelController.m */; };
		58620CD31041C9880056FFD1 /* NSString+TumblKitAdditions.m in Sources */ = {isa = PBXBuildFile; fileRef = 58620CD21041C9880056FFD1 /* NSString+TumblKitAdditions.m */; };
		58620CD81041CBCC0056FFD1 /* NSURL+TumblKitAdditions.m in Sources */ = {isa = PBXBuildFile; fileRef = 58620CD71041CBCC0056FFD1 /* NSURL+TumblKitAdditions.m */; };
		586214FF104510760056FFD1 /* TKTagTokenField.m in Sources */ = {isa = PBXBuildFile; fileRef = 586214FE104510760056FFD1 /* TKTagTokenField.m */; };
		586219E8104E5D8F0056FFD1 /* TKURLTransformer.m in Sources */ = {isa = PBXBuildFile; fileRef = 586219E7104E5D8F0056FFD1 /* TKURLTransformer.m */; };
		58637AF610A4AA8E00742276 /* UserDefaults.plist in Resources */ = {isa = PBXBuildFile; fileRef = 58637AF510A4AA8E00742276 /* UserDefaults.plist */; };
		58637B7F10A7287100742276 /* TKPostController.m in Sources */ = {isa = PBXBuildFile; fileRef = 58637B7E10A7287100742276 /* TKPostController.m */; };
		58742C2810AC922C00C63320 /* TKMenuController.m in Sources */ = {isa = PBXBuildFile; fileRef = 58742C2710AC922C00C63320 /* TKMenuController.m */; };
		58747E91109C5E5400F61554 /* ActorKit.framework in フレームワークをコピー */ = {isa = PBXBuildFile; fileRef = 58332939109C3A5500005271 /* ActorKit.framework */; };
		58747FED109C935900F61554 /* TKDOMManipulator.m in Sources */ = {isa = PBXBuildFile; fileRef = 58747FEC109C935900F61554 /* TKDOMManipulator.m */; };
		587483FB10A18B8E00F61554 /* TKPreferencesModule.m in Sources */ = {isa = PBXBuildFile; fileRef = 587483FA10A18B8E00F61554 /* TKPreferencesModule.m */; };
		587483FF10A18DD500F61554 /* TKPreferencesModule.xib in Resources */ = {isa = PBXBuildFile; fileRef = 587483FE10A18DD500F61554 /* TKPreferencesModule.xib */; };
		587485DF10A1C50300F61554 /* DOMNode+TumblKitAdditions.m in Sources */ = {isa = PBXBuildFile; fileRef = 587485DE10A1C50300F61554 /* DOMNode+TumblKitAdditions.m */; };
		5874860B10A1C8AD00F61554 /* TKDailymotionExtractor.m in Sources */ = {isa = PBXBuildFile; fileRef = 5874860A10A1C8AD00F61554 /* TKDailymotionExtractor.m */; };
		587BEB5F0FE8E1EE00DDC3A1 /* Growl.framework in フレームワークをコピー */ = {isa = PBXBuildFile; fileRef = 58C9428D0FD6C5E100D2C4BE /* Growl.framework */; };
		58B5A22B0F7F1EA2002AB47A /* TKBundleController.m in Sources */ = {isa = PBXBuildFile; fileRef = 58B5A22A0F7F1EA2002AB47A /* TKBundleController.m */; };
		58B5A2630F7F28A0002AB47A /* NSURLCredentialStorage+TumblKitAdditions.m in Sources */ = {isa = PBXBuildFile; fileRef = 58B5A2620F7F28A0002AB47A /* NSURLCredentialStorage+TumblKitAdditions.m */; };
		58C941DA0FD6A01B00D2C4BE /* TKSource.m in Sources */ = {isa = PBXBuildFile; fileRef = 58C941D90FD6A01B00D2C4BE /* TKSource.m */; };
		58C942720FD6C3D300D2C4BE /* WebKit.framework in Frameworks */ = {isa = PBXBuildFile; fileRef = 58C942710FD6C3D300D2C4BE /* WebKit.framework */; };
		58C9427C0FD6C43A00D2C4BE /* TKGrowlHelper.m in Sources */ = {isa = PBXBuildFile; fileRef = 58C9427B0FD6C43A00D2C4BE /* TKGrowlHelper.m */; };
		58C942990FD6C67900D2C4BE /* WebHTMLView+TumblKitAdditions.m in Sources */ = {isa = PBXBuildFile; fileRef = 58C942980FD6C67900D2C4BE /* WebHTMLView+TumblKitAdditions.m */; };
		58C9449D0FD6F0BF00D2C4BE /* Localizable.strings in Resources */ = {isa = PBXBuildFile; fileRef = 58C9449B0FD6F0BF00D2C4BE /* Localizable.strings */; };
		58CC69070FF681570088D4BC /* Growl.framework in Frameworks */ = {isa = PBXBuildFile; fileRef = 58C9428D0FD6C5E100D2C4BE /* Growl.framework */; settings = {ATTRIBUTES = (Weak, ); }; };
		58DE591010207268003212F8 /* TKDOMUtil.m in Sources */ = {isa = PBXBuildFile; fileRef = 58DE590F10207268003212F8 /* TKDOMUtil.m */; };
		58E134D50FDBDF9C0042663C /* TKExtractor.m in Sources */ = {isa = PBXBuildFile; fileRef = 58E134D40FDBDF9C0042663C /* TKExtractor.m */; };
		58E134FB0FDBF0F10042663C /* TKGenericExtractor.m in Sources */ = {isa = PBXBuildFile; fileRef = 58E134FA0FDBF0F10042663C /* TKGenericExtractor.m */; };
		58E134FE0FDBF1680042663C /* TKPost.m in Sources */ = {isa = PBXBuildFile; fileRef = 58E134FD0FDBF1680042663C /* TKPost.m */; };
		58E5465810ADB0E600AA00A3 /* TKTwitterExtractor.m in Sources */ = {isa = PBXBuildFile; fileRef = 58E5465710ADB0E600AA00A3 /* TKTwitterExtractor.m */; };
		8D5B49B0048680CD000E48DA /* InfoPlist.strings in Resources */ = {isa = PBXBuildFile; fileRef = 089C167DFE841241C02AAC07 /* InfoPlist.strings */; };
		8D5B49B4048680CD000E48DA /* Cocoa.framework in Frameworks */ = {isa = PBXBuildFile; fileRef = 1058C7ADFEA557BF11CA2CBB /* Cocoa.framework */; };
/* End PBXBuildFile section */

/* Begin PBXCopyFilesBuildPhase section */
		587BEB570FE8E17100DDC3A1 /* フレームワークをコピー */ = {
			isa = PBXCopyFilesBuildPhase;
			buildActionMask = 2147483647;
			dstPath = "";
			dstSubfolderSpec = 10;
			files = (
				58747E91109C5E5400F61554 /* ActorKit.framework in フレームワークをコピー */,
				5805EE870FED6C6900F7FAEA /* Sparkle.framework in フレームワークをコピー */,
				587BEB5F0FE8E1EE00DDC3A1 /* Growl.framework in フレームワークをコピー */,
			);
			name = "フレームワークをコピー";
			runOnlyForDeploymentPostprocessing = 0;
		};
/* End PBXCopyFilesBuildPhase section */

/* Begin PBXFileReference section */
		089C1672FE841209C02AAC07 /* Foundation.framework */ = {isa = PBXFileReference; lastKnownFileType = wrapper.framework; name = Foundation.framework; path = /System/Library/Frameworks/Foundation.framework; sourceTree = "<absolute>"; };
		089C167EFE841241C02AAC07 /* English */ = {isa = PBXFileReference; fileEncoding = 10; lastKnownFileType = text.plist.strings; name = English; path = English.lproj/InfoPlist.strings; sourceTree = "<group>"; };
		089C167FFE841241C02AAC07 /* AppKit.framework */ = {isa = PBXFileReference; lastKnownFileType = wrapper.framework; name = AppKit.framework; path = /System/Library/Frameworks/AppKit.framework; sourceTree = "<absolute>"; };
		1058C7ADFEA557BF11CA2CBB /* Cocoa.framework */ = {isa = PBXFileReference; lastKnownFileType = wrapper.framework; name = Cocoa.framework; path = /System/Library/Frameworks/Cocoa.framework; sourceTree = "<absolute>"; };
		32DBCF630370AF2F00C91783 /* TumblKitNG_Prefix.pch */ = {isa = PBXFileReference; fileEncoding = 4; lastKnownFileType = sourcecode.c.h; path = TumblKitNG_Prefix.pch; sourceTree = "<group>"; };
		5805EE740FED6C4900F7FAEA /* Sparkle.framework */ = {isa = PBXFileReference; lastKnownFileType = wrapper.framework; name = Sparkle.framework; path = Frameworks/Sparkle.framework; sourceTree = "<group>"; };
		5805EEA70FED6EAB00F7FAEA /* dsa_pub.pem */ = {isa = PBXFileReference; fileEncoding = 4; lastKnownFileType = text; path = dsa_pub.pem; sourceTree = "<group>"; };
		5805EF4A0FEE158800F7FAEA /* SUUpdateAlert+TumblKitAdditions.h */ = {isa = PBXFileReference; fileEncoding = 4; lastKnownFileType = sourcecode.c.h; path = "SUUpdateAlert+TumblKitAdditions.h"; sourceTree = "<group>"; };
		5805EF4B0FEE158800F7FAEA /* SUUpdateAlert+TumblKitAdditions.m */ = {isa = PBXFileReference; fileEncoding = 4; lastKnownFileType = sourcecode.c.objc; path = "SUUpdateAlert+TumblKitAdditions.m"; sourceTree = "<group>"; };
		58332939109C3A5500005271 /* ActorKit.framework */ = {isa = PBXFileReference; lastKnownFileType = wrapper.framework; name = ActorKit.framework; path = Frameworks/ActorKit.framework; sourceTree = "<group>"; };
		5833294C109C3C7400005271 /* TKTumblrWebService.h */ = {isa = PBXFileReference; fileEncoding = 4; lastKnownFileType = sourcecode.c.h; path = TKTumblrWebService.h; sourceTree = "<group>"; };
		5833294D109C3C7500005271 /* TKTumblrWebService.m */ = {isa = PBXFileReference; fileEncoding = 4; lastKnownFileType = sourcecode.c.objc; path = TKTumblrWebService.m; sourceTree = "<group>"; };
		58332951109C405C00005271 /* TKDOMMaker.h */ = {isa = PBXFileReference; fileEncoding = 4; lastKnownFileType = sourcecode.c.h; path = TKDOMMaker.h; sourceTree = "<group>"; };
		58332952109C405C00005271 /* TKDOMMaker.m */ = {isa = PBXFileReference; fileEncoding = 4; lastKnownFileType = sourcecode.c.objc; path = TKDOMMaker.m; sourceTree = "<group>"; };
		584FBB071094CE6300007E1B /* TKNicoVideoExtractor.h */ = {isa = PBXFileReference; fileEncoding = 4; lastKnownFileType = sourcecode.c.h; name = TKNicoVideoExtractor.h; path = Extractors/TKNicoVideoExtractor.h; sourceTree = "<group>"; };
		584FBB081094CE6300007E1B /* TKNicoVideoExtractor.m */ = {isa = PBXFileReference; fileEncoding = 4; lastKnownFileType = sourcecode.c.objc; name = TKNicoVideoExtractor.m; path = Extractors/TKNicoVideoExtractor.m; sourceTree = "<group>"; };
		5850C3690FE2C3F40083E931 /* TKWebService.h */ = {isa = PBXFileReference; fileEncoding = 4; lastKnownFileType = sourcecode.c.h; path = TKWebService.h; sourceTree = "<group>"; };
		5850C36A0FE2C3F40083E931 /* TKWebService.m */ = {isa = PBXFileReference; fileEncoding = 4; lastKnownFileType = sourcecode.c.objc; path = TKWebService.m; sourceTree = "<group>"; };
		5850C66A0FE402320083E931 /* NSDictionary+TumblKitAdditions.h */ = {isa = PBXFileReference; fileEncoding = 4; lastKnownFileType = sourcecode.c.h; path = "NSDictionary+TumblKitAdditions.h"; sourceTree = "<group>"; };
		5850C66B0FE402320083E931 /* NSDictionary+TumblKitAdditions.m */ = {isa = PBXFileReference; fileEncoding = 4; lastKnownFileType = sourcecode.c.objc; path = "NSDictionary+TumblKitAdditions.m"; sourceTree = "<group>"; };
		5850C75D0FE63B500083E931 /* TKEditPanel.xib */ = {isa = PBXFileReference; lastKnownFileType = file.xib; path = TKEditPanel.xib; sourceTree = "<group>"; };
		5850C75F0FE63B650083E931 /* TKEditPanelController.h */ = {isa = PBXFileReference; fileEncoding = 4; lastKnownFileType = sourcecode.c.h; path = TKEditPanelController.h; sourceTree = "<group>"; };
		5850C7600FE63B650083E931 /* TKEditPanelController.m */ = {isa = PBXFileReference; fileEncoding = 4; lastKnownFileType = sourcecode.c.objc; path = TKEditPanelController.m; sourceTree = "<group>"; };
		58620CD11041C9880056FFD1 /* NSString+TumblKitAdditions.h */ = {isa = PBXFileReference; fileEncoding = 4; lastKnownFileType = sourcecode.c.h; path = "NSString+TumblKitAdditions.h"; sourceTree = "<group>"; };
		58620CD21041C9880056FFD1 /* NSString+TumblKitAdditions.m */ = {isa = PBXFileReference; fileEncoding = 4; lastKnownFileType = sourcecode.c.objc; path = "NSString+TumblKitAdditions.m"; sourceTree = "<group>"; };
		58620CD51041CB780056FFD1 /* CommonAdditions.h */ = {isa = PBXFileReference; fileEncoding = 4; lastKnownFileType = sourcecode.c.h; path = CommonAdditions.h; sourceTree = "<group>"; };
		58620CD61041CBCC0056FFD1 /* NSURL+TumblKitAdditions.h */ = {isa = PBXFileReference; fileEncoding = 4; lastKnownFileType = sourcecode.c.h; path = "NSURL+TumblKitAdditions.h"; sourceTree = "<group>"; };
		58620CD71041CBCC0056FFD1 /* NSURL+TumblKitAdditions.m */ = {isa = PBXFileReference; fileEncoding = 4; lastKnownFileType = sourcecode.c.objc; path = "NSURL+TumblKitAdditions.m"; sourceTree = "<group>"; };
		586214FD104510760056FFD1 /* TKTagTokenField.h */ = {isa = PBXFileReference; fileEncoding = 4; lastKnownFileType = sourcecode.c.h; path = TKTagTokenField.h; sourceTree = "<group>"; };
		586214FE104510760056FFD1 /* TKTagTokenField.m */ = {isa = PBXFileReference; fileEncoding = 4; lastKnownFileType = sourcecode.c.objc; path = TKTagTokenField.m; sourceTree = "<group>"; };
		586219E6104E5D8F0056FFD1 /* TKURLTransformer.h */ = {isa = PBXFileReference; fileEncoding = 4; lastKnownFileType = sourcecode.c.h; path = TKURLTransformer.h; sourceTree = "<group>"; };
		586219E7104E5D8F0056FFD1 /* TKURLTransformer.m */ = {isa = PBXFileReference; fileEncoding = 4; lastKnownFileType = sourcecode.c.objc; path = TKURLTransformer.m; sourceTree = "<group>"; };
		58637AF510A4AA8E00742276 /* UserDefaults.plist */ = {isa = PBXFileReference; fileEncoding = 4; lastKnownFileType = text.plist.xml; path = UserDefaults.plist; sourceTree = "<group>"; };
		58637B7D10A7287100742276 /* TKPostController.h */ = {isa = PBXFileReference; fileEncoding = 4; lastKnownFileType = sourcecode.c.h; path = TKPostController.h; sourceTree = "<group>"; };
		58637B7E10A7287100742276 /* TKPostController.m */ = {isa = PBXFileReference; fileEncoding = 4; lastKnownFileType = sourcecode.c.objc; path = TKPostController.m; sourceTree = "<group>"; };
		58742C2610AC922C00C63320 /* TKMenuController.h */ = {isa = PBXFileReference; fileEncoding = 4; lastKnownFileType = sourcecode.c.h; path = TKMenuController.h; sourceTree = "<group>"; };
		58742C2710AC922C00C63320 /* TKMenuController.m */ = {isa = PBXFileReference; fileEncoding = 4; lastKnownFileType = sourcecode.c.objc; path = TKMenuController.m; sourceTree = "<group>"; };
		58747FEB109C935900F61554 /* TKDOMManipulator.h */ = {isa = PBXFileReference; fileEncoding = 4; lastKnownFileType = sourcecode.c.h; path = TKDOMManipulator.h; sourceTree = "<group>"; };
		58747FEC109C935900F61554 /* TKDOMManipulator.m */ = {isa = PBXFileReference; fileEncoding = 4; lastKnownFileType = sourcecode.c.objc; path = TKDOMManipulator.m; sourceTree = "<group>"; };
		587480C0109CA79C00F61554 /* DOM.h */ = {isa = PBXFileReference; fileEncoding = 4; lastKnownFileType = sourcecode.c.h; path = DOM.h; sourceTree = "<group>"; };
		587483F810A188AA00F61554 /* NSPreferences.h */ = {isa = PBXFileReference; fileEncoding = 4; lastKnownFileType = sourcecode.c.h; path = NSPreferences.h; sourceTree = "<group>"; };
		587483F910A18B8E00F61554 /* TKPreferencesModule.h */ = {isa = PBXFileReference; fileEncoding = 4; lastKnownFileType = sourcecode.c.h; path = TKPreferencesModule.h; sourceTree = "<group>"; };
		587483FA10A18B8E00F61554 /* TKPreferencesModule.m */ = {isa = PBXFileReference; fileEncoding = 4; lastKnownFileType = sourcecode.c.objc; path = TKPreferencesModule.m; sourceTree = "<group>"; };
		587483FE10A18DD500F61554 /* TKPreferencesModule.xib */ = {isa = PBXFileReference; lastKnownFileType = file.xib; path = TKPreferencesModule.xib; sourceTree = "<group>"; };
		587485DD10A1C50300F61554 /* DOMNode+TumblKitAdditions.h */ = {isa = PBXFileReference; fileEncoding = 4; lastKnownFileType = sourcecode.c.h; path = "DOMNode+TumblKitAdditions.h"; sourceTree = "<group>"; };
		587485DE10A1C50300F61554 /* DOMNode+TumblKitAdditions.m */ = {isa = PBXFileReference; fileEncoding = 4; lastKnownFileType = sourcecode.c.objc; path = "DOMNode+TumblKitAdditions.m"; sourceTree = "<group>"; };
		5874860910A1C8AD00F61554 /* TKDailymotionExtractor.h */ = {isa = PBXFileReference; fileEncoding = 4; lastKnownFileType = sourcecode.c.h; name = TKDailymotionExtractor.h; path = Extractors/TKDailymotionExtractor.h; sourceTree = "<group>"; };
		5874860A10A1C8AD00F61554 /* TKDailymotionExtractor.m */ = {isa = PBXFileReference; fileEncoding = 4; lastKnownFileType = sourcecode.c.objc; name = TKDailymotionExtractor.m; path = Extractors/TKDailymotionExtractor.m; sourceTree = "<group>"; };
		58B5A2290F7F1EA2002AB47A /* TKBundleController.h */ = {isa = PBXFileReference; fileEncoding = 4; lastKnownFileType = sourcecode.c.h; path = TKBundleController.h; sourceTree = "<group>"; };
		58B5A22A0F7F1EA2002AB47A /* TKBundleController.m */ = {isa = PBXFileReference; fileEncoding = 4; lastKnownFileType = sourcecode.c.objc; path = TKBundleController.m; sourceTree = "<group>"; };
		58B5A2610F7F28A0002AB47A /* NSURLCredentialStorage+TumblKitAdditions.h */ = {isa = PBXFileReference; fileEncoding = 4; lastKnownFileType = sourcecode.c.h; path = "NSURLCredentialStorage+TumblKitAdditions.h"; sourceTree = "<group>"; };
		58B5A2620F7F28A0002AB47A /* NSURLCredentialStorage+TumblKitAdditions.m */ = {isa = PBXFileReference; fileEncoding = 4; lastKnownFileType = sourcecode.c.objc; path = "NSURLCredentialStorage+TumblKitAdditions.m"; sourceTree = "<group>"; };
		58C941D80FD6A01B00D2C4BE /* TKSource.h */ = {isa = PBXFileReference; fileEncoding = 4; lastKnownFileType = sourcecode.c.h; path = TKSource.h; sourceTree = "<group>"; };
		58C941D90FD6A01B00D2C4BE /* TKSource.m */ = {isa = PBXFileReference; fileEncoding = 4; lastKnownFileType = sourcecode.c.objc; path = TKSource.m; sourceTree = "<group>"; xcLanguageSpecificationIdentifier = xcode.lang.objc; };
		58C942710FD6C3D300D2C4BE /* WebKit.framework */ = {isa = PBXFileReference; lastKnownFileType = wrapper.framework; name = WebKit.framework; path = /System/Library/Frameworks/WebKit.framework; sourceTree = "<absolute>"; };
		58C9427A0FD6C43A00D2C4BE /* TKGrowlHelper.h */ = {isa = PBXFileReference; fileEncoding = 4; lastKnownFileType = sourcecode.c.h; path = TKGrowlHelper.h; sourceTree = "<group>"; };
		58C9427B0FD6C43A00D2C4BE /* TKGrowlHelper.m */ = {isa = PBXFileReference; fileEncoding = 4; lastKnownFileType = sourcecode.c.objc; path = TKGrowlHelper.m; sourceTree = "<group>"; };
		58C9428D0FD6C5E100D2C4BE /* Growl.framework */ = {isa = PBXFileReference; lastKnownFileType = wrapper.framework; name = Growl.framework; path = Frameworks/Growl.framework; sourceTree = "<group>"; };
		58C942970FD6C67900D2C4BE /* WebHTMLView+TumblKitAdditions.h */ = {isa = PBXFileReference; fileEncoding = 4; lastKnownFileType = sourcecode.c.h; path = "WebHTMLView+TumblKitAdditions.h"; sourceTree = "<group>"; };
		58C942980FD6C67900D2C4BE /* WebHTMLView+TumblKitAdditions.m */ = {isa = PBXFileReference; fileEncoding = 4; lastKnownFileType = sourcecode.c.objc; path = "WebHTMLView+TumblKitAdditions.m"; sourceTree = "<group>"; };
		58C9449C0FD6F0BF00D2C4BE /* English */ = {isa = PBXFileReference; fileEncoding = 10; lastKnownFileType = text.plist.strings; name = English; path = English.lproj/Localizable.strings; sourceTree = "<group>"; };
		58C9449E0FD6F0D500D2C4BE /* ja_JP */ = {isa = PBXFileReference; fileEncoding = 10; lastKnownFileType = text.plist.strings; name = ja_JP; path = ja_JP.lproj/Localizable.strings; sourceTree = "<group>"; };
		58DE590E10207268003212F8 /* TKDOMUtil.h */ = {isa = PBXFileReference; fileEncoding = 4; lastKnownFileType = sourcecode.c.h; path = TKDOMUtil.h; sourceTree = "<group>"; };
		58DE590F10207268003212F8 /* TKDOMUtil.m */ = {isa = PBXFileReference; fileEncoding = 4; lastKnownFileType = sourcecode.c.objc; path = TKDOMUtil.m; sourceTree = "<group>"; };
		58E134D30FDBDF9C0042663C /* TKExtractor.h */ = {isa = PBXFileReference; fileEncoding = 4; lastKnownFileType = sourcecode.c.h; name = TKExtractor.h; path = Extractors/TKExtractor.h; sourceTree = "<group>"; };
		58E134D40FDBDF9C0042663C /* TKExtractor.m */ = {isa = PBXFileReference; fileEncoding = 4; lastKnownFileType = sourcecode.c.objc; name = TKExtractor.m; path = Extractors/TKExtractor.m; sourceTree = "<group>"; };
		58E134F90FDBF0F10042663C /* TKGenericExtractor.h */ = {isa = PBXFileReference; fileEncoding = 4; lastKnownFileType = sourcecode.c.h; name = TKGenericExtractor.h; path = Extractors/TKGenericExtractor.h; sourceTree = "<group>"; };
		58E134FA0FDBF0F10042663C /* TKGenericExtractor.m */ = {isa = PBXFileReference; fileEncoding = 4; lastKnownFileType = sourcecode.c.objc; name = TKGenericExtractor.m; path = Extractors/TKGenericExtractor.m; sourceTree = "<group>"; };
		58E134FC0FDBF1680042663C /* TKPost.h */ = {isa = PBXFileReference; fileEncoding = 4; lastKnownFileType = sourcecode.c.h; path = TKPost.h; sourceTree = "<group>"; };
		58E134FD0FDBF1680042663C /* TKPost.m */ = {isa = PBXFileReference; fileEncoding = 4; lastKnownFileType = sourcecode.c.objc; path = TKPost.m; sourceTree = "<group>"; };
		58E5465610ADB0E600AA00A3 /* TKTwitterExtractor.h */ = {isa = PBXFileReference; fileEncoding = 4; lastKnownFileType = sourcecode.c.h; name = TKTwitterExtractor.h; path = Extractors/TKTwitterExtractor.h; sourceTree = "<group>"; };
		58E5465710ADB0E600AA00A3 /* TKTwitterExtractor.m */ = {isa = PBXFileReference; fileEncoding = 4; lastKnownFileType = sourcecode.c.objc; name = TKTwitterExtractor.m; path = Extractors/TKTwitterExtractor.m; sourceTree = "<group>"; };
		8D5B49B6048680CD000E48DA /* TumblKit.bundle */ = {isa = PBXFileReference; explicitFileType = wrapper.cfbundle; includeInIndex = 0; path = TumblKit.bundle; sourceTree = BUILT_PRODUCTS_DIR; };
		8D5B49B7048680CD000E48DA /* Info.plist */ = {isa = PBXFileReference; fileEncoding = 4; lastKnownFileType = text.plist.xml; path = Info.plist; sourceTree = "<group>"; };
		D2F7E65807B2D6F200F64583 /* CoreData.framework */ = {isa = PBXFileReference; lastKnownFileType = wrapper.framework; name = CoreData.framework; path = /System/Library/Frameworks/CoreData.framework; sourceTree = "<absolute>"; };
/* End PBXFileReference section */

/* Begin PBXFrameworksBuildPhase section */
		8D5B49B3048680CD000E48DA /* Frameworks */ = {
			isa = PBXFrameworksBuildPhase;
			buildActionMask = 2147483647;
			files = (
				58CC69070FF681570088D4BC /* Growl.framework in Frameworks */,
				8D5B49B4048680CD000E48DA /* Cocoa.framework in Frameworks */,
				58C942720FD6C3D300D2C4BE /* WebKit.framework in Frameworks */,
				5805EE750FED6C4900F7FAEA /* Sparkle.framework in Frameworks */,
				5833293A109C3A5500005271 /* ActorKit.framework in Frameworks */,
			);
			runOnlyForDeploymentPostprocessing = 0;
		};
/* End PBXFrameworksBuildPhase section */

/* Begin PBXGroup section */
		089C166AFE841209C02AAC07 /* TumblKitNG */ = {
			isa = PBXGroup;
			children = (
				08FB77AFFE84173DC02AAC07 /* Classes */,
				32C88E010371C26100C91783 /* Other Sources */,
				089C167CFE841241C02AAC07 /* Resources */,
				089C1671FE841209C02AAC07 /* Frameworks and Libraries */,
				19C28FB8FE9D52D311CA2CBB /* Products */,
			);
			name = TumblKitNG;
			sourceTree = "<group>";
		};
		089C1671FE841209C02AAC07 /* Frameworks and Libraries */ = {
			isa = PBXGroup;
			children = (
				1058C7ACFEA557BF11CA2CBB /* Linked Frameworks */,
				1058C7AEFEA557BF11CA2CBB /* Other Frameworks */,
			);
			name = "Frameworks and Libraries";
			sourceTree = "<group>";
		};
		089C167CFE841241C02AAC07 /* Resources */ = {
			isa = PBXGroup;
			children = (
				5805EEA70FED6EAB00F7FAEA /* dsa_pub.pem */,
				58C9449B0FD6F0BF00D2C4BE /* Localizable.strings */,
				8D5B49B7048680CD000E48DA /* Info.plist */,
				089C167DFE841241C02AAC07 /* InfoPlist.strings */,
				5850C75D0FE63B500083E931 /* TKEditPanel.xib */,
				587483FE10A18DD500F61554 /* TKPreferencesModule.xib */,
				58637AF510A4AA8E00742276 /* UserDefaults.plist */,
			);
			name = Resources;
			sourceTree = "<group>";
		};
		08FB77AFFE84173DC02AAC07 /* Classes */ = {
			isa = PBXGroup;
			children = (
				5850C6690FE401F40083E931 /* Additions */,
				5850C7530FE639150083E931 /* User Interface */,
				58747FE4109C926300F61554 /* DOM */,
				58E134D60FDBDFA30042663C /* Extractors */,
				5850C6680FE401B90083E931 /* WebServices */,
				587483F810A188AA00F61554 /* NSPreferences.h */,
				58E134FC0FDBF1680042663C /* TKPost.h */,
				58E134FD0FDBF1680042663C /* TKPost.m */,
				58C941D80FD6A01B00D2C4BE /* TKSource.h */,
				58C941D90FD6A01B00D2C4BE /* TKSource.m */,
				58B5A2290F7F1EA2002AB47A /* TKBundleController.h */,
				58B5A22A0F7F1EA2002AB47A /* TKBundleController.m */,
				58742C2610AC922C00C63320 /* TKMenuController.h */,
				58742C2710AC922C00C63320 /* TKMenuController.m */,
				58637B7D10A7287100742276 /* TKPostController.h */,
				58637B7E10A7287100742276 /* TKPostController.m */,
				58C9427A0FD6C43A00D2C4BE /* TKGrowlHelper.h */,
				58C9427B0FD6C43A00D2C4BE /* TKGrowlHelper.m */,
				587483F910A18B8E00F61554 /* TKPreferencesModule.h */,
				587483FA10A18B8E00F61554 /* TKPreferencesModule.m */,
			);
			name = Classes;
			sourceTree = "<group>";
		};
		1058C7ACFEA557BF11CA2CBB /* Linked Frameworks */ = {
			isa = PBXGroup;
			children = (
				5805EE740FED6C4900F7FAEA /* Sparkle.framework */,
				58C9428D0FD6C5E100D2C4BE /* Growl.framework */,
				58C942710FD6C3D300D2C4BE /* WebKit.framework */,
				1058C7ADFEA557BF11CA2CBB /* Cocoa.framework */,
				58332939109C3A5500005271 /* ActorKit.framework */,
			);
			name = "Linked Frameworks";
			sourceTree = "<group>";
		};
		1058C7AEFEA557BF11CA2CBB /* Other Frameworks */ = {
			isa = PBXGroup;
			children = (
				089C167FFE841241C02AAC07 /* AppKit.framework */,
				D2F7E65807B2D6F200F64583 /* CoreData.framework */,
				089C1672FE841209C02AAC07 /* Foundation.framework */,
			);
			name = "Other Frameworks";
			sourceTree = "<group>";
		};
		19C28FB8FE9D52D311CA2CBB /* Products */ = {
			isa = PBXGroup;
			children = (
				8D5B49B6048680CD000E48DA /* TumblKit.bundle */,
			);
			name = Products;
			sourceTree = "<group>";
		};
		32C88E010371C26100C91783 /* Other Sources */ = {
			isa = PBXGroup;
			children = (
				32DBCF630370AF2F00C91783 /* TumblKitNG_Prefix.pch */,
			);
			name = "Other Sources";
			sourceTree = "<group>";
		};
		5850C6680FE401B90083E931 /* WebServices */ = {
			isa = PBXGroup;
			children = (
				5850C3690FE2C3F40083E931 /* TKWebService.h */,
				5850C36A0FE2C3F40083E931 /* TKWebService.m */,
				5833294C109C3C7400005271 /* TKTumblrWebService.h */,
				5833294D109C3C7500005271 /* TKTumblrWebService.m */,
			);
			path = WebServices;
			sourceTree = "<group>";
		};
		5850C6690FE401F40083E931 /* Additions */ = {
			isa = PBXGroup;
			children = (
				58620CD41041CB580056FFD1 /* Common */,
				58C942970FD6C67900D2C4BE /* WebHTMLView+TumblKitAdditions.h */,
				58C942980FD6C67900D2C4BE /* WebHTMLView+TumblKitAdditions.m */,
				5805EF4A0FEE158800F7FAEA /* SUUpdateAlert+TumblKitAdditions.h */,
				5805EF4B0FEE158800F7FAEA /* SUUpdateAlert+TumblKitAdditions.m */,
				587485DD10A1C50300F61554 /* DOMNode+TumblKitAdditions.h */,
				587485DE10A1C50300F61554 /* DOMNode+TumblKitAdditions.m */,
			);
			name = Additions;
			sourceTree = "<group>";
		};
		5850C7530FE639150083E931 /* User Interface */ = {
			isa = PBXGroup;
			children = (
				5850C75F0FE63B650083E931 /* TKEditPanelController.h */,
				5850C7600FE63B650083E931 /* TKEditPanelController.m */,
				586214FD104510760056FFD1 /* TKTagTokenField.h */,
				586214FE104510760056FFD1 /* TKTagTokenField.m */,
				586219E6104E5D8F0056FFD1 /* TKURLTransformer.h */,
				586219E7104E5D8F0056FFD1 /* TKURLTransformer.m */,
			);
			name = "User Interface";
			sourceTree = "<group>";
		};
		58620CD41041CB580056FFD1 /* Common */ = {
			isa = PBXGroup;
			children = (
				58620CD51041CB780056FFD1 /* CommonAdditions.h */,
				5850C66A0FE402320083E931 /* NSDictionary+TumblKitAdditions.h */,
				5850C66B0FE402320083E931 /* NSDictionary+TumblKitAdditions.m */,
				58620CD11041C9880056FFD1 /* NSString+TumblKitAdditions.h */,
				58620CD21041C9880056FFD1 /* NSString+TumblKitAdditions.m */,
				58620CD61041CBCC0056FFD1 /* NSURL+TumblKitAdditions.h */,
				58620CD71041CBCC0056FFD1 /* NSURL+TumblKitAdditions.m */,
				58B5A2610F7F28A0002AB47A /* NSURLCredentialStorage+TumblKitAdditions.h */,
				58B5A2620F7F28A0002AB47A /* NSURLCredentialStorage+TumblKitAdditions.m */,
			);
			name = Common;
			sourceTree = "<group>";
		};
		58747FE4109C926300F61554 /* DOM */ = {
			isa = PBXGroup;
			children = (
				587480C0109CA79C00F61554 /* DOM.h */,
				58DE590E10207268003212F8 /* TKDOMUtil.h */,
				58DE590F10207268003212F8 /* TKDOMUtil.m */,
				58332951109C405C00005271 /* TKDOMMaker.h */,
				58332952109C405C00005271 /* TKDOMMaker.m */,
				58747FEB109C935900F61554 /* TKDOMManipulator.h */,
				58747FEC109C935900F61554 /* TKDOMManipulator.m */,
			);
			path = DOM;
			sourceTree = "<group>";
		};
		58E134D60FDBDFA30042663C /* Extractors */ = {
			isa = PBXGroup;
			children = (
				58E5465610ADB0E600AA00A3 /* TKTwitterExtractor.h */,
				58E5465710ADB0E600AA00A3 /* TKTwitterExtractor.m */,
				58E134D30FDBDF9C0042663C /* TKExtractor.h */,
				58E134D40FDBDF9C0042663C /* TKExtractor.m */,
				58E134F90FDBF0F10042663C /* TKGenericExtractor.h */,
				58E134FA0FDBF0F10042663C /* TKGenericExtractor.m */,
				5874860910A1C8AD00F61554 /* TKDailymotionExtractor.h */,
				5874860A10A1C8AD00F61554 /* TKDailymotionExtractor.m */,
				584FBB071094CE6300007E1B /* TKNicoVideoExtractor.h */,
				584FBB081094CE6300007E1B /* TKNicoVideoExtractor.m */,
			);
			name = Extractors;
			sourceTree = "<group>";
		};
/* End PBXGroup section */

/* Begin PBXNativeTarget section */
		8D5B49AC048680CD000E48DA /* TumblKitNG */ = {
			isa = PBXNativeTarget;
			buildConfigurationList = 1DEB913A08733D840010E9CD /* Build configuration list for PBXNativeTarget "TumblKitNG" */;
			buildPhases = (
				8D5B49AF048680CD000E48DA /* Resources */,
				8D5B49B1048680CD000E48DA /* Sources */,
				8D5B49B3048680CD000E48DA /* Frameworks */,
				587BEB570FE8E17100DDC3A1 /* フレームワークをコピー */,
			);
			buildRules = (
			);
			dependencies = (
			);
			name = TumblKitNG;
			productInstallPath = "$(HOME)/Library/Bundles";
			productName = TumblKitNG;
			productReference = 8D5B49B6048680CD000E48DA /* TumblKit.bundle */;
			productType = "com.apple.product-type.bundle";
		};
/* End PBXNativeTarget section */

/* Begin PBXProject section */
		089C1669FE841209C02AAC07 /* Project object */ = {
			isa = PBXProject;
			buildConfigurationList = 1DEB913E08733D840010E9CD /* Build configuration list for PBXProject "TumblKitNG" */;
			compatibilityVersion = "Xcode 3.1";
			hasScannedForEncodings = 1;
			knownRegions = (
				English,
				Japanese,
				French,
				German,
				ja_JP,
			);
			mainGroup = 089C166AFE841209C02AAC07 /* TumblKitNG */;
			projectDirPath = "";
			projectRoot = "";
			targets = (
				8D5B49AC048680CD000E48DA /* TumblKitNG */,
			);
		};
/* End PBXProject section */

/* Begin PBXResourcesBuildPhase section */
		8D5B49AF048680CD000E48DA /* Resources */ = {
			isa = PBXResourcesBuildPhase;
			buildActionMask = 2147483647;
			files = (
				8D5B49B0048680CD000E48DA /* InfoPlist.strings in Resources */,
				58C9449D0FD6F0BF00D2C4BE /* Localizable.strings in Resources */,
				5850C75E0FE63B500083E931 /* TKEditPanel.xib in Resources */,
				5805EEA80FED6EAB00F7FAEA /* dsa_pub.pem in Resources */,
				587483FF10A18DD500F61554 /* TKPreferencesModule.xib in Resources */,
				58637AF610A4AA8E00742276 /* UserDefaults.plist in Resources */,
			);
			runOnlyForDeploymentPostprocessing = 0;
		};
/* End PBXResourcesBuildPhase section */

/* Begin PBXSourcesBuildPhase section */
		8D5B49B1048680CD000E48DA /* Sources */ = {
			isa = PBXSourcesBuildPhase;
			buildActionMask = 2147483647;
			files = (
				58B5A22B0F7F1EA2002AB47A /* TKBundleController.m in Sources */,
				58B5A2630F7F28A0002AB47A /* NSURLCredentialStorage+TumblKitAdditions.m in Sources */,
				58C941DA0FD6A01B00D2C4BE /* TKSource.m in Sources */,
				58C9427C0FD6C43A00D2C4BE /* TKGrowlHelper.m in Sources */,
				58C942990FD6C67900D2C4BE /* WebHTMLView+TumblKitAdditions.m in Sources */,
				58E134D50FDBDF9C0042663C /* TKExtractor.m in Sources */,
				58E134FB0FDBF0F10042663C /* TKGenericExtractor.m in Sources */,
				58E134FE0FDBF1680042663C /* TKPost.m in Sources */,
				5850C36B0FE2C3F40083E931 /* TKWebService.m in Sources */,
				5850C66C0FE402320083E931 /* NSDictionary+TumblKitAdditions.m in Sources */,
				5850C7610FE63B650083E931 /* TKEditPanelController.m in Sources */,
				5805EF4C0FEE158800F7FAEA /* SUUpdateAlert+TumblKitAdditions.m in Sources */,
				58DE591010207268003212F8 /* TKDOMUtil.m in Sources */,
				58620CD31041C9880056FFD1 /* NSString+TumblKitAdditions.m in Sources */,
				58620CD81041CBCC0056FFD1 /* NSURL+TumblKitAdditions.m in Sources */,
				586214FF104510760056FFD1 /* TKTagTokenField.m in Sources */,
				586219E8104E5D8F0056FFD1 /* TKURLTransformer.m in Sources */,
				584FBB091094CE6300007E1B /* TKNicoVideoExtractor.m in Sources */,
				5833294E109C3C7500005271 /* TKTumblrWebService.m in Sources */,
				58332953109C405C00005271 /* TKDOMMaker.m in Sources */,
				58747FED109C935900F61554 /* TKDOMManipulator.m in Sources */,
				587485DF10A1C50300F61554 /* DOMNode+TumblKitAdditions.m in Sources */,
				5874860B10A1C8AD00F61554 /* TKDailymotionExtractor.m in Sources */,
				58742C2810AC922C00C63320 /* TKMenuController.m in Sources */,
				58637B7F10A7287100742276 /* TKPostController.m in Sources */,
				58E5465810ADB0E600AA00A3 /* TKTwitterExtractor.m in Sources */,
				587483FB10A18B8E00F61554 /* TKPreferencesModule.m in Sources */,
			);
			runOnlyForDeploymentPostprocessing = 0;
		};
/* End PBXSourcesBuildPhase section */

/* Begin PBXVariantGroup section */
		089C167DFE841241C02AAC07 /* InfoPlist.strings */ = {
			isa = PBXVariantGroup;
			children = (
				089C167EFE841241C02AAC07 /* English */,
			);
			name = InfoPlist.strings;
			sourceTree = "<group>";
		};
		58C9449B0FD6F0BF00D2C4BE /* Localizable.strings */ = {
			isa = PBXVariantGroup;
			children = (
				58C9449C0FD6F0BF00D2C4BE /* English */,
				58C9449E0FD6F0D500D2C4BE /* ja_JP */,
			);
			name = Localizable.strings;
			sourceTree = "<group>";
		};
/* End PBXVariantGroup section */

/* Begin XCBuildConfiguration section */
		1DEB913B08733D840010E9CD /* Debug */ = {
			isa = XCBuildConfiguration;
			buildSettings = {
				ALWAYS_SEARCH_USER_PATHS = NO;
				COPY_PHASE_STRIP = NO;
				FRAMEWORK_SEARCH_PATHS = (
					"$(inherited)",
					"\"$(SRCROOT)/Frameworks\"",
					"\"$(SRCROOT)\"",
				);
				GCC_DYNAMIC_NO_PIC = NO;
				GCC_ENABLE_FIX_AND_CONTINUE = YES;
				GCC_MODEL_TUNING = G5;
				GCC_OPTIMIZATION_LEVEL = 0;
				GCC_PRECOMPILE_PREFIX_HEADER = YES;
				INFOPLIST_FILE = Info.plist;
				INSTALL_PATH = "$(HOME)/Library/Bundles";
				ONLY_ACTIVE_ARCH = NO;
				PRODUCT_NAME = TumblKit;
				WRAPPER_EXTENSION = bundle;
			};
			name = Debug;
		};
		1DEB913C08733D840010E9CD /* Release */ = {
			isa = XCBuildConfiguration;
			buildSettings = {
				ALWAYS_SEARCH_USER_PATHS = NO;
				DEBUG_INFORMATION_FORMAT = "dwarf-with-dsym";
				FRAMEWORK_SEARCH_PATHS = (
					"$(inherited)",
					"\"$(SRCROOT)/Frameworks\"",
					"\"$(SRCROOT)\"",
				);
				GCC_MODEL_TUNING = G5;
				GCC_PRECOMPILE_PREFIX_HEADER = YES;
				INFOPLIST_FILE = Info.plist;
				INSTALL_PATH = "$(HOME)/Library/Bundles";
				ONLY_ACTIVE_ARCH = NO;
				PRODUCT_NAME = TumblKit;
				WRAPPER_EXTENSION = bundle;
			};
			name = Release;
		};
		1DEB913F08733D840010E9CD /* Debug */ = {
			isa = XCBuildConfiguration;
			buildSettings = {
				ARCHS = "$(ARCHS_STANDARD_32_64_BIT)";
				GCC_C_LANGUAGE_STANDARD = c99;
				GCC_OPTIMIZATION_LEVEL = 0;
				GCC_PREPROCESSOR_DEFINITIONS = DEBUG;
				GCC_WARN_ABOUT_RETURN_TYPE = YES;
				GCC_WARN_UNUSED_VARIABLE = YES;
				ONLY_ACTIVE_ARCH = NO;
				PREBINDING = NO;
				SDKROOT = macosx10.5;
			};
			name = Debug;
		};
		1DEB914008733D840010E9CD /* Release */ = {
			isa = XCBuildConfiguration;
			buildSettings = {
				ARCHS = "$(ARCHS_STANDARD_32_64_BIT)";
				GCC_C_LANGUAGE_STANDARD = c99;
				GCC_WARN_ABOUT_RETURN_TYPE = YES;
				GCC_WARN_UNUSED_VARIABLE = YES;
				ONLY_ACTIVE_ARCH = NO;
				PREBINDING = NO;
				SDKROOT = macosx10.5;
			};
			name = Release;
		};
/* End XCBuildConfiguration section */

/* Begin XCConfigurationList section */
		1DEB913A08733D840010E9CD /* Build configuration list for PBXNativeTarget "TumblKitNG" */ = {
			isa = XCConfigurationList;
			buildConfigurations = (
				1DEB913B08733D840010E9CD /* Debug */,
				1DEB913C08733D840010E9CD /* Release */,
			);
			defaultConfigurationIsVisible = 0;
			defaultConfigurationName = Release;
		};
		1DEB913E08733D840010E9CD /* Build configuration list for PBXProject "TumblKitNG" */ = {
			isa = XCConfigurationList;
			buildConfigurations = (
				1DEB913F08733D840010E9CD /* Debug */,
				1DEB914008733D840010E9CD /* Release */,
			);
			defaultConfigurationIsVisible = 0;
			defaultConfigurationName = Release;
		};
/* End XCConfigurationList section */
	};
	rootObject = 089C1669FE841209C02AAC07 /* Project object */;
}
